
Microsoft Visual Studio Solution File, Format Version 12.00
# Visual Studio Version 17
VisualStudioVersion = 17.0.31903.59
MinimumVisualStudioVersion = 10.0.40219.1
Project("{2150E333-8FDC-42A3-9474-1A3956D46DE8}") = "src", "src", "{E5AA812C-9D18-4DA5-9564-D6BAF0570D66}"
EndProject
Project("{FAE04EC0-301F-11D3-BF4B-00C04F79EFBC}") = "CampusBorrowing.Domain", "src\Domain\CampusBorrowing.Domain.csproj", "{4FC4BD51-E561-434A-9A36-FF8E299F6248}"
EndProject
Project("{FAE04EC0-301F-11D3-BF4B-00C04F79EFBC}") = "CampusBorrowing.Application", "src\Application\CampusBorrowing.Application.csproj", "{583FA81C-A32D-41A6-9D8A-D1F4BE3A966D}"
EndProject
Project("{FAE04EC0-301F-11D3-BF4B-00C04F79EFBC}") = "CampusBorrowing.Infrastructure", "src\Infrastructure\CampusBorrowing.Infrastructure.csproj", "{582721F4-9822-4187-AA63-C7AB039F640B}"
EndProject
Project("{FAE04EC0-301F-11D3-BF4B-00C04F79EFBC}") = "CampusBorrowing.Console", "src\ConsoleApp\CampusBorrowing.Console.csproj", "{C13252F8-521A-4CB9-81F4-BA612624045B}"
EndProject
Global
	GlobalSection(SolutionConfigurationPlatforms) = preSolution
		Debug|Any CPU = Debug|Any CPU
		Release|Any CPU = Release|Any CPU
	EndGlobalSection
	GlobalSection(SolutionProperties) = preSolution
		HideSolutionNode = FALSE
	EndGlobalSection
	GlobalSection(ProjectConfigurationPlatforms) = postSolution
		{4FC4BD51-E561-434A-9A36-FF8E299F6248}.Debug|Any CPU.ActiveCfg = Debug|Any CPU
		{4FC4BD51-E561-434A-9A36-FF8E299F6248}.Debug|Any CPU.Build.0 = Debug|Any CPU
		{4FC4BD51-E561-434A-9A36-FF8E299F6248}.Release|Any CPU.ActiveCfg = Release|Any CPU
		{4FC4BD51-E561-434A-9A36-FF8E299F6248}.Release|Any CPU.Build.0 = Release|Any CPU
		{583FA81C-A32D-41A6-9D8A-D1F4BE3A966D}.Debug|Any CPU.ActiveCfg = Debug|Any CPU
		{583FA81C-A32D-41A6-9D8A-D1F4BE3A966D}.Debug|Any CPU.Build.0 = Debug|Any CPU
		{583FA81C-A32D-41A6-9D8A-D1F4BE3A966D}.Release|Any CPU.ActiveCfg = Release|Any CPU
		{583FA81C-A32D-41A6-9D8A-D1F4BE3A966D}.Release|Any CPU.Build.0 = Release|Any CPU
		{582721F4-9822-4187-AA63-C7AB039F640B}.Debug|Any CPU.ActiveCfg = Debug|Any CPU
		{582721F4-9822-4187-AA63-C7AB039F640B}.Debug|Any CPU.Build.0 = Debug|Any CPU
		{582721F4-9822-4187-AA63-C7AB039F640B}.Release|Any CPU.ActiveCfg = Release|Any CPU
		{582721F4-9822-4187-AA63-C7AB039F640B}.Release|Any CPU.Build.0 = Release|Any CPU
		{C13252F8-521A-4CB9-81F4-BA612624045B}.Debug|Any CPU.ActiveCfg = Debug|Any CPU
		{C13252F8-521A-4CB9-81F4-BA612624045B}.Debug|Any CPU.Build.0 = Debug|Any CPU
		{C13252F8-521A-4CB9-81F4-BA612624045B}.Release|Any CPU.ActiveCfg = Release|Any CPU
		{C13252F8-521A-4CB9-81F4-BA612624045B}.Release|Any CPU.Build.0 = Release|Any CPU
	EndGlobalSection
	GlobalSection(NestedProjects) = preSolution
		{4FC4BD51-E561-434A-9A36-FF8E299F6248} = {E5AA812C-9D18-4DA5-9564-D6BAF0570D66}
		{583FA81C-A32D-41A6-9D8A-D1F4BE3A966D} = {E5AA812C-9D18-4DA5-9564-D6BAF0570D66}
		{582721F4-9822-4187-AA63-C7AB039F640B} = {E5AA812C-9D18-4DA5-9564-D6BAF0570D66}
		{C13252F8-521A-4CB9-81F4-BA612624045B} = {E5AA812C-9D18-4DA5-9564-D6BAF0570D66}
	EndGlobalSection
EndGlobal
